// !$*UTF8*$!
{
	archiveVersion = 1;
	classes = {
	};
	objectVersion = 52;
	objects = {

/* Begin PBXBuildFile section */
		339A5F9325ED26E800C6BA13 /* AppDelegate.swift in Sources */ = {isa = PBXBuildFile; fileRef = 339A5F9225ED26E800C6BA13 /* AppDelegate.swift */; };
		339A5F9525ED26E800C6BA13 /* SceneDelegate.swift in Sources */ = {isa = PBXBuildFile; fileRef = 339A5F9425ED26E800C6BA13 /* SceneDelegate.swift */; };
		339A5F9A25ED26E800C6BA13 /* Main.storyboard in Resources */ = {isa = PBXBuildFile; fileRef = 339A5F9825ED26E800C6BA13 /* Main.storyboard */; };
		339A5F9D25ED26E800C6BA13 /* RetailStorePractice.xcdatamodeld in Sources */ = {isa = PBXBuildFile; fileRef = 339A5F9B25ED26E800C6BA13 /* RetailStorePractice.xcdatamodeld */; };
		339A5F9F25ED26EA00C6BA13 /* Assets.xcassets in Resources */ = {isa = PBXBuildFile; fileRef = 339A5F9E25ED26EA00C6BA13 /* Assets.xcassets */; };
		339A5FA225ED26EA00C6BA13 /* LaunchScreen.storyboard in Resources */ = {isa = PBXBuildFile; fileRef = 339A5FA025ED26EA00C6BA13 /* LaunchScreen.storyboard */; };
		339A5FB225ED360500C6BA13 /* Model.swift in Sources */ = {isa = PBXBuildFile; fileRef = 339A5FB125ED360500C6BA13 /* Model.swift */; };
		339A5FB625ED376D00C6BA13 /* Constants.swift in Sources */ = {isa = PBXBuildFile; fileRef = 339A5FB525ED376C00C6BA13 /* Constants.swift */; };
		339A5FDF25ED4D0300C6BA13 /* CoreDataStore.swift in Sources */ = {isa = PBXBuildFile; fileRef = 339A5FDE25ED4D0300C6BA13 /* CoreDataStore.swift */; };
		339A5FF325ED6AE600C6BA13 /* Products.plist in Resources */ = {isa = PBXBuildFile; fileRef = 339A5FF225ED6AE600C6BA13 /* Products.plist */; };
		339A601525EE47B000C6BA13 /* RetailStorePracticeTests.swift in Sources */ = {isa = PBXBuildFile; fileRef = 339A601425EE47B000C6BA13 /* RetailStorePracticeTests.swift */; };
		339A602925EE497B00C6BA13 /* RetailStorePracticeUITests.swift in Sources */ = {isa = PBXBuildFile; fileRef = 339A602825EE497B00C6BA13 /* RetailStorePracticeUITests.swift */; };
		339A604025EE4D7400C6BA13 /* RxDataSources in Frameworks */ = {isa = PBXBuildFile; productRef = 339A603F25EE4D7400C6BA13 /* RxDataSources */; };
		3A76CB1625EE8FAC00131250 /* RootWireFrame.swift in Sources */ = {isa = PBXBuildFile; fileRef = 3A76CB1525EE8FAC00131250 /* RootWireFrame.swift */; };
		3A76CBC925EFD68100131250 /* AppDependencies.swift in Sources */ = {isa = PBXBuildFile; fileRef = 3A76CBC825EFD68100131250 /* AppDependencies.swift */; };
		3A76CBCA25EFD68100131250 /* AppDependencies.swift in Sources */ = {isa = PBXBuildFile; fileRef = 3A76CBC825EFD68100131250 /* AppDependencies.swift */; };
		3A76CBCB25EFD68100131250 /* AppDependencies.swift in Sources */ = {isa = PBXBuildFile; fileRef = 3A76CBC825EFD68100131250 /* AppDependencies.swift */; };
		3A76CC4325EFD7C800131250 /* RxDataSources in Resources */ = {isa = PBXBuildFile; fileRef = 3A76CC4225EFD7C800131250 /* RxDataSources */; };
		3A76CC4425EFD7C800131250 /* RxDataSources in Resources */ = {isa = PBXBuildFile; fileRef = 3A76CC4225EFD7C800131250 /* RxDataSources */; };
		3A76CC4525EFD7C800131250 /* RxDataSources in Resources */ = {isa = PBXBuildFile; fileRef = 3A76CC4225EFD7C800131250 /* RxDataSources */; };
		3A9A3A7125F12AB10042AD8A /* DetailManager.swift in Sources */ = {isa = PBXBuildFile; fileRef = 3A9A3A6725F12AB10042AD8A /* DetailManager.swift */; };
		3A9A3A7225F12AB10042AD8A /* DetailManager.swift in Sources */ = {isa = PBXBuildFile; fileRef = 3A9A3A6725F12AB10042AD8A /* DetailManager.swift */; };
		3A9A3A7325F12AB10042AD8A /* DetailManager.swift in Sources */ = {isa = PBXBuildFile; fileRef = 3A9A3A6725F12AB10042AD8A /* DetailManager.swift */; };
		3A9A3A7425F12AB10042AD8A /* DetailInteractor.swift in Sources */ = {isa = PBXBuildFile; fileRef = 3A9A3A6925F12AB10042AD8A /* DetailInteractor.swift */; };
		3A9A3A7525F12AB10042AD8A /* DetailInteractor.swift in Sources */ = {isa = PBXBuildFile; fileRef = 3A9A3A6925F12AB10042AD8A /* DetailInteractor.swift */; };
		3A9A3A7625F12AB10042AD8A /* DetailInteractor.swift in Sources */ = {isa = PBXBuildFile; fileRef = 3A9A3A6925F12AB10042AD8A /* DetailInteractor.swift */; };
		3A9A3A7725F12AB10042AD8A /* DetailPresenter.swift in Sources */ = {isa = PBXBuildFile; fileRef = 3A9A3A6C25F12AB10042AD8A /* DetailPresenter.swift */; };
		3A9A3A7825F12AB10042AD8A /* DetailPresenter.swift in Sources */ = {isa = PBXBuildFile; fileRef = 3A9A3A6C25F12AB10042AD8A /* DetailPresenter.swift */; };
		3A9A3A7925F12AB10042AD8A /* DetailPresenter.swift in Sources */ = {isa = PBXBuildFile; fileRef = 3A9A3A6C25F12AB10042AD8A /* DetailPresenter.swift */; };
		3A9A3A7A25F12AB10042AD8A /* DetailWireFrame.swift in Sources */ = {isa = PBXBuildFile; fileRef = 3A9A3A6E25F12AB10042AD8A /* DetailWireFrame.swift */; };
		3A9A3A7B25F12AB10042AD8A /* DetailWireFrame.swift in Sources */ = {isa = PBXBuildFile; fileRef = 3A9A3A6E25F12AB10042AD8A /* DetailWireFrame.swift */; };
		3A9A3A7C25F12AB10042AD8A /* DetailWireFrame.swift in Sources */ = {isa = PBXBuildFile; fileRef = 3A9A3A6E25F12AB10042AD8A /* DetailWireFrame.swift */; };
		3A9A3A7D25F12AB10042AD8A /* DetailViewController.swift in Sources */ = {isa = PBXBuildFile; fileRef = 3A9A3A7025F12AB10042AD8A /* DetailViewController.swift */; };
		3A9A3A7E25F12AB10042AD8A /* DetailViewController.swift in Sources */ = {isa = PBXBuildFile; fileRef = 3A9A3A7025F12AB10042AD8A /* DetailViewController.swift */; };
		3A9A3A7F25F12AB10042AD8A /* DetailViewController.swift in Sources */ = {isa = PBXBuildFile; fileRef = 3A9A3A7025F12AB10042AD8A /* DetailViewController.swift */; };
		3A9A3A8725F12B930042AD8A /* Cart.swift in Sources */ = {isa = PBXBuildFile; fileRef = 3A9A3A8625F12B930042AD8A /* Cart.swift */; };
		3A9A3A8825F12B930042AD8A /* Cart.swift in Sources */ = {isa = PBXBuildFile; fileRef = 3A9A3A8625F12B930042AD8A /* Cart.swift */; };
		3A9A3A8925F12B930042AD8A /* Cart.swift in Sources */ = {isa = PBXBuildFile; fileRef = 3A9A3A8625F12B930042AD8A /* Cart.swift */; };
		3A9A3AD025F1425E0042AD8A /* ListDataManager.swift in Sources */ = {isa = PBXBuildFile; fileRef = 3A9A3AC425F1425D0042AD8A /* ListDataManager.swift */; };
		3A9A3AD125F1425E0042AD8A /* ListDataManager.swift in Sources */ = {isa = PBXBuildFile; fileRef = 3A9A3AC425F1425D0042AD8A /* ListDataManager.swift */; };
		3A9A3AD225F1425E0042AD8A /* ListDataManager.swift in Sources */ = {isa = PBXBuildFile; fileRef = 3A9A3AC425F1425D0042AD8A /* ListDataManager.swift */; };
		3A9A3AD325F1425E0042AD8A /* ListInteractor.swift in Sources */ = {isa = PBXBuildFile; fileRef = 3A9A3AC625F1425D0042AD8A /* ListInteractor.swift */; };
		3A9A3AD425F1425E0042AD8A /* ListInteractor.swift in Sources */ = {isa = PBXBuildFile; fileRef = 3A9A3AC625F1425D0042AD8A /* ListInteractor.swift */; };
		3A9A3AD525F1425E0042AD8A /* ListInteractor.swift in Sources */ = {isa = PBXBuildFile; fileRef = 3A9A3AC625F1425D0042AD8A /* ListInteractor.swift */; };
		3A9A3AD625F1425E0042AD8A /* ListPresenter.swift in Sources */ = {isa = PBXBuildFile; fileRef = 3A9A3AC925F1425D0042AD8A /* ListPresenter.swift */; };
		3A9A3AD725F1425E0042AD8A /* ListPresenter.swift in Sources */ = {isa = PBXBuildFile; fileRef = 3A9A3AC925F1425D0042AD8A /* ListPresenter.swift */; };
		3A9A3AD825F1425E0042AD8A /* ListPresenter.swift in Sources */ = {isa = PBXBuildFile; fileRef = 3A9A3AC925F1425D0042AD8A /* ListPresenter.swift */; };
		3A9A3AD925F1425E0042AD8A /* ListWireFrame.swift in Sources */ = {isa = PBXBuildFile; fileRef = 3A9A3ACB25F1425E0042AD8A /* ListWireFrame.swift */; };
		3A9A3ADA25F1425E0042AD8A /* ListWireFrame.swift in Sources */ = {isa = PBXBuildFile; fileRef = 3A9A3ACB25F1425E0042AD8A /* ListWireFrame.swift */; };
		3A9A3ADB25F1425E0042AD8A /* ListWireFrame.swift in Sources */ = {isa = PBXBuildFile; fileRef = 3A9A3ACB25F1425E0042AD8A /* ListWireFrame.swift */; };
		3A9A3ADC25F1425E0042AD8A /* ListViewController.swift in Sources */ = {isa = PBXBuildFile; fileRef = 3A9A3ACD25F1425E0042AD8A /* ListViewController.swift */; };
		3A9A3ADD25F1425E0042AD8A /* ListViewController.swift in Sources */ = {isa = PBXBuildFile; fileRef = 3A9A3ACD25F1425E0042AD8A /* ListViewController.swift */; };
		3A9A3ADE25F1425E0042AD8A /* ListViewController.swift in Sources */ = {isa = PBXBuildFile; fileRef = 3A9A3ACD25F1425E0042AD8A /* ListViewController.swift */; };
		3A9A3ADF25F1425E0042AD8A /* ListCell.swift in Sources */ = {isa = PBXBuildFile; fileRef = 3A9A3ACE25F1425E0042AD8A /* ListCell.swift */; };
		3A9A3AE025F1425E0042AD8A /* ListCell.swift in Sources */ = {isa = PBXBuildFile; fileRef = 3A9A3ACE25F1425E0042AD8A /* ListCell.swift */; };
		3A9A3AE125F1425E0042AD8A /* ListCell.swift in Sources */ = {isa = PBXBuildFile; fileRef = 3A9A3ACE25F1425E0042AD8A /* ListCell.swift */; };
		3A9A3AE225F1425E0042AD8A /* TotalCell.swift in Sources */ = {isa = PBXBuildFile; fileRef = 3A9A3ACF25F1425E0042AD8A /* TotalCell.swift */; };
		3A9A3AE325F1425E0042AD8A /* TotalCell.swift in Sources */ = {isa = PBXBuildFile; fileRef = 3A9A3ACF25F1425E0042AD8A /* TotalCell.swift */; };
		3A9A3AE425F1425E0042AD8A /* TotalCell.swift in Sources */ = {isa = PBXBuildFile; fileRef = 3A9A3ACF25F1425E0042AD8A /* TotalCell.swift */; };
		612074BAFEF242062CF3B7B7 /* Pods_RetailStorePractice.framework in Frameworks */ = {isa = PBXBuildFile; fileRef = 7FF796D423862F336EE6BE37 /* Pods_RetailStorePractice.framework */; };
/* End PBXBuildFile section */

/* Begin PBXContainerItemProxy section */
		339A601725EE47B000C6BA13 /* PBXContainerItemProxy */ = {
			isa = PBXContainerItemProxy;
			containerPortal = 339A5F8725ED26E700C6BA13 /* Project object */;
			proxyType = 1;
			remoteGlobalIDString = 339A5F8E25ED26E800C6BA13;
			remoteInfo = RetailStorePractice;
		};
		339A602B25EE497B00C6BA13 /* PBXContainerItemProxy */ = {
			isa = PBXContainerItemProxy;
			containerPortal = 339A5F8725ED26E700C6BA13 /* Project object */;
			proxyType = 1;
			remoteGlobalIDString = 339A5F8E25ED26E800C6BA13;
			remoteInfo = RetailStorePractice;
		};
/* End PBXContainerItemProxy section */

/* Begin PBXFileReference section */
		339A5F8F25ED26E800C6BA13 /* RetailStorePractice.app */ = {isa = PBXFileReference; explicitFileType = wrapper.application; includeInIndex = 0; path = RetailStorePractice.app; sourceTree = BUILT_PRODUCTS_DIR; };
		339A5F9225ED26E800C6BA13 /* AppDelegate.swift */ = {isa = PBXFileReference; lastKnownFileType = sourcecode.swift; path = AppDelegate.swift; sourceTree = "<group>"; };
		339A5F9425ED26E800C6BA13 /* SceneDelegate.swift */ = {isa = PBXFileReference; lastKnownFileType = sourcecode.swift; path = SceneDelegate.swift; sourceTree = "<group>"; };
		339A5F9925ED26E800C6BA13 /* Base */ = {isa = PBXFileReference; lastKnownFileType = file.storyboard; name = Base; path = Base.lproj/Main.storyboard; sourceTree = "<group>"; };
		339A5F9C25ED26E800C6BA13 /* RetailStorePractice.xcdatamodel */ = {isa = PBXFileReference; lastKnownFileType = wrapper.xcdatamodel; path = RetailStorePractice.xcdatamodel; sourceTree = "<group>"; };
		339A5F9E25ED26EA00C6BA13 /* Assets.xcassets */ = {isa = PBXFileReference; lastKnownFileType = folder.assetcatalog; path = Assets.xcassets; sourceTree = "<group>"; };
		339A5FA125ED26EA00C6BA13 /* Base */ = {isa = PBXFileReference; lastKnownFileType = file.storyboard; name = Base; path = Base.lproj/LaunchScreen.storyboard; sourceTree = "<group>"; };
		339A5FA325ED26EA00C6BA13 /* Info.plist */ = {isa = PBXFileReference; lastKnownFileType = text.plist.xml; path = Info.plist; sourceTree = "<group>"; };
		339A5FB125ED360500C6BA13 /* Model.swift */ = {isa = PBXFileReference; lastKnownFileType = sourcecode.swift; path = Model.swift; sourceTree = "<group>"; };
		339A5FB525ED376C00C6BA13 /* Constants.swift */ = {isa = PBXFileReference; lastKnownFileType = sourcecode.swift; path = Constants.swift; sourceTree = "<group>"; };
		339A5FDE25ED4D0300C6BA13 /* CoreDataStore.swift */ = {isa = PBXFileReference; lastKnownFileType = sourcecode.swift; path = CoreDataStore.swift; sourceTree = "<group>"; };
		339A5FF225ED6AE600C6BA13 /* Products.plist */ = {isa = PBXFileReference; fileEncoding = 4; lastKnownFileType = text.plist.xml; path = Products.plist; sourceTree = "<group>"; };
		339A601225EE47B000C6BA13 /* RetailStorePracticeTests.xctest */ = {isa = PBXFileReference; explicitFileType = wrapper.cfbundle; includeInIndex = 0; path = RetailStorePracticeTests.xctest; sourceTree = BUILT_PRODUCTS_DIR; };
		339A601425EE47B000C6BA13 /* RetailStorePracticeTests.swift */ = {isa = PBXFileReference; lastKnownFileType = sourcecode.swift; path = RetailStorePracticeTests.swift; sourceTree = "<group>"; };
		339A601625EE47B000C6BA13 /* Info.plist */ = {isa = PBXFileReference; lastKnownFileType = text.plist.xml; path = Info.plist; sourceTree = "<group>"; };
		339A602625EE497B00C6BA13 /* RetailStorePracticeUITests.xctest */ = {isa = PBXFileReference; explicitFileType = wrapper.cfbundle; includeInIndex = 0; path = RetailStorePracticeUITests.xctest; sourceTree = BUILT_PRODUCTS_DIR; };
		339A602825EE497B00C6BA13 /* RetailStorePracticeUITests.swift */ = {isa = PBXFileReference; lastKnownFileType = sourcecode.swift; path = RetailStorePracticeUITests.swift; sourceTree = "<group>"; };
		339A602A25EE497B00C6BA13 /* Info.plist */ = {isa = PBXFileReference; lastKnownFileType = text.plist.xml; path = Info.plist; sourceTree = "<group>"; };
		3A76CB1525EE8FAC00131250 /* RootWireFrame.swift */ = {isa = PBXFileReference; lastKnownFileType = sourcecode.swift; path = RootWireFrame.swift; sourceTree = "<group>"; };
		3A76CBC825EFD68100131250 /* AppDependencies.swift */ = {isa = PBXFileReference; lastKnownFileType = sourcecode.swift; path = AppDependencies.swift; sourceTree = "<group>"; };
		3A76CC4225EFD7C800131250 /* RxDataSources */ = {isa = PBXFileReference; lastKnownFileType = folder; path = RxDataSources; sourceTree = "<group>"; };
		3A9A3A6725F12AB10042AD8A /* DetailManager.swift */ = {isa = PBXFileReference; fileEncoding = 4; lastKnownFileType = sourcecode.swift; path = DetailManager.swift; sourceTree = "<group>"; };
		3A9A3A6925F12AB10042AD8A /* DetailInteractor.swift */ = {isa = PBXFileReference; fileEncoding = 4; lastKnownFileType = sourcecode.swift; path = DetailInteractor.swift; sourceTree = "<group>"; };
		3A9A3A6C25F12AB10042AD8A /* DetailPresenter.swift */ = {isa = PBXFileReference; fileEncoding = 4; lastKnownFileType = sourcecode.swift; path = DetailPresenter.swift; sourceTree = "<group>"; };
		3A9A3A6E25F12AB10042AD8A /* DetailWireFrame.swift */ = {isa = PBXFileReference; fileEncoding = 4; lastKnownFileType = sourcecode.swift; path = DetailWireFrame.swift; sourceTree = "<group>"; };
		3A9A3A7025F12AB10042AD8A /* DetailViewController.swift */ = {isa = PBXFileReference; fileEncoding = 4; lastKnownFileType = sourcecode.swift; path = DetailViewController.swift; sourceTree = "<group>"; };
		3A9A3A8625F12B930042AD8A /* Cart.swift */ = {isa = PBXFileReference; lastKnownFileType = sourcecode.swift; path = Cart.swift; sourceTree = "<group>"; };
		3A9A3AC425F1425D0042AD8A /* ListDataManager.swift */ = {isa = PBXFileReference; fileEncoding = 4; lastKnownFileType = sourcecode.swift; path = ListDataManager.swift; sourceTree = "<group>"; };
		3A9A3AC625F1425D0042AD8A /* ListInteractor.swift */ = {isa = PBXFileReference; fileEncoding = 4; lastKnownFileType = sourcecode.swift; path = ListInteractor.swift; sourceTree = "<group>"; };
		3A9A3AC925F1425D0042AD8A /* ListPresenter.swift */ = {isa = PBXFileReference; fileEncoding = 4; lastKnownFileType = sourcecode.swift; path = ListPresenter.swift; sourceTree = "<group>"; };
		3A9A3ACB25F1425E0042AD8A /* ListWireFrame.swift */ = {isa = PBXFileReference; fileEncoding = 4; lastKnownFileType = sourcecode.swift; path = ListWireFrame.swift; sourceTree = "<group>"; };
		3A9A3ACD25F1425E0042AD8A /* ListViewController.swift */ = {isa = PBXFileReference; fileEncoding = 4; lastKnownFileType = sourcecode.swift; path = ListViewController.swift; sourceTree = "<group>"; };
		3A9A3ACE25F1425E0042AD8A /* ListCell.swift */ = {isa = PBXFileReference; fileEncoding = 4; lastKnownFileType = sourcecode.swift; path = ListCell.swift; sourceTree = "<group>"; };
		3A9A3ACF25F1425E0042AD8A /* TotalCell.swift */ = {isa = PBXFileReference; fileEncoding = 4; lastKnownFileType = sourcecode.swift; path = TotalCell.swift; sourceTree = "<group>"; };
		7FF796D423862F336EE6BE37 /* Pods_RetailStorePractice.framework */ = {isa = PBXFileReference; explicitFileType = wrapper.framework; includeInIndex = 0; path = Pods_RetailStorePractice.framework; sourceTree = BUILT_PRODUCTS_DIR; };
		8FB4D7AA7084B2CC39D259AE /* Pods-RetailStorePractice.debug.xcconfig */ = {isa = PBXFileReference; includeInIndex = 1; lastKnownFileType = text.xcconfig; name = "Pods-RetailStorePractice.debug.xcconfig"; path = "Target Support Files/Pods-RetailStorePractice/Pods-RetailStorePractice.debug.xcconfig"; sourceTree = "<group>"; };
		CE1F09AA0CFA30F708B358A6 /* Pods-RetailStorePractice.release.xcconfig */ = {isa = PBXFileReference; includeInIndex = 1; lastKnownFileType = text.xcconfig; name = "Pods-RetailStorePractice.release.xcconfig"; path = "Target Support Files/Pods-RetailStorePractice/Pods-RetailStorePractice.release.xcconfig"; sourceTree = "<group>"; };
/* End PBXFileReference section */

/* Begin PBXFrameworksBuildPhase section */
		339A5F8C25ED26E800C6BA13 /* Frameworks */ = {
			isa = PBXFrameworksBuildPhase;
			buildActionMask = 2147483647;
			files = (
				612074BAFEF242062CF3B7B7 /* Pods_RetailStorePractice.framework in Frameworks */,
				339A604025EE4D7400C6BA13 /* RxDataSources in Frameworks */,
			);
			runOnlyForDeploymentPostprocessing = 0;
		};
		339A600F25EE47AF00C6BA13 /* Frameworks */ = {
			isa = PBXFrameworksBuildPhase;
			buildActionMask = 2147483647;
			files = (
			);
			runOnlyForDeploymentPostprocessing = 0;
		};
		339A602325EE497B00C6BA13 /* Frameworks */ = {
			isa = PBXFrameworksBuildPhase;
			buildActionMask = 2147483647;
			files = (
			);
			runOnlyForDeploymentPostprocessing = 0;
		};
/* End PBXFrameworksBuildPhase section */

/* Begin PBXGroup section */
		339A5F8625ED26E700C6BA13 = {
			isa = PBXGroup;
			children = (
				339A5F9125ED26E800C6BA13 /* RetailStorePractice */,
				339A601325EE47B000C6BA13 /* RetailStorePracticeTests */,
				339A602725EE497B00C6BA13 /* RetailStorePracticeUITests */,
				339A5F9025ED26E800C6BA13 /* Products */,
				6A5F27D394C461F68B0E84C4 /* Pods */,
				873BF3B9231C98442D19018F /* Frameworks */,
			);
			sourceTree = "<group>";
		};
		339A5F9025ED26E800C6BA13 /* Products */ = {
			isa = PBXGroup;
			children = (
				339A5F8F25ED26E800C6BA13 /* RetailStorePractice.app */,
				339A601225EE47B000C6BA13 /* RetailStorePracticeTests.xctest */,
				339A602625EE497B00C6BA13 /* RetailStorePracticeUITests.xctest */,
			);
			name = Products;
			sourceTree = "<group>";
		};
		339A5F9125ED26E800C6BA13 /* RetailStorePractice */ = {
			isa = PBXGroup;
			children = (
				3A9A3AC125F1425D0042AD8A /* List */,
				3A9A3A6425F12AB10042AD8A /* Detail */,
				3A76CB1425EE8F7B00131250 /* WireFrame */,
				339A5FF525ED6C5B00C6BA13 /* Resources */,
				339A5FDD25ED4CC500C6BA13 /* Store */,
				339A5FB525ED376C00C6BA13 /* Constants.swift */,
				339A5FB025ED35E300C6BA13 /* Model */,
				339A5F9225ED26E800C6BA13 /* AppDelegate.swift */,
				339A5F9425ED26E800C6BA13 /* SceneDelegate.swift */,
				339A5F9825ED26E800C6BA13 /* Main.storyboard */,
				339A5F9E25ED26EA00C6BA13 /* Assets.xcassets */,
				339A5FA025ED26EA00C6BA13 /* LaunchScreen.storyboard */,
				339A5FA325ED26EA00C6BA13 /* Info.plist */,
				3A76CBC825EFD68100131250 /* AppDependencies.swift */,
			);
			path = RetailStorePractice;
			sourceTree = "<group>";
		};
		339A5FB025ED35E300C6BA13 /* Model */ = {
			isa = PBXGroup;
			children = (
				339A5FB125ED360500C6BA13 /* Model.swift */,
			);
			path = Model;
			sourceTree = "<group>";
		};
		339A5FDD25ED4CC500C6BA13 /* Store */ = {
			isa = PBXGroup;
			children = (
				339A5F9B25ED26E800C6BA13 /* RetailStorePractice.xcdatamodeld */,
				339A5FDE25ED4D0300C6BA13 /* CoreDataStore.swift */,
				3A9A3A8625F12B930042AD8A /* Cart.swift */,
			);
			path = Store;
			sourceTree = "<group>";
		};
		339A5FF525ED6C5B00C6BA13 /* Resources */ = {
			isa = PBXGroup;
			children = (
				339A5FF225ED6AE600C6BA13 /* Products.plist */,
				3A76CC4225EFD7C800131250 /* RxDataSources */,
			);
			path = Resources;
			sourceTree = "<group>";
		};
		339A601325EE47B000C6BA13 /* RetailStorePracticeTests */ = {
			isa = PBXGroup;
			children = (
				339A601425EE47B000C6BA13 /* RetailStorePracticeTests.swift */,
				339A601625EE47B000C6BA13 /* Info.plist */,
			);
			path = RetailStorePracticeTests;
			sourceTree = "<group>";
		};
		339A602725EE497B00C6BA13 /* RetailStorePracticeUITests */ = {
			isa = PBXGroup;
			children = (
				339A602825EE497B00C6BA13 /* RetailStorePracticeUITests.swift */,
				339A602A25EE497B00C6BA13 /* Info.plist */,
			);
			path = RetailStorePracticeUITests;
			sourceTree = "<group>";
		};
		3A76CB1425EE8F7B00131250 /* WireFrame */ = {
			isa = PBXGroup;
			children = (
				3A76CB1525EE8FAC00131250 /* RootWireFrame.swift */,
			);
			path = WireFrame;
			sourceTree = "<group>";
		};
		3A9A3A6425F12AB10042AD8A /* Detail */ = {
			isa = PBXGroup;
			children = (
				3A9A3A6525F12AB10042AD8A /* ApplicationLogic */,
				3A9A3A6A25F12AB10042AD8A /* UserInterface */,
			);
			path = Detail;
			sourceTree = "<group>";
		};
		3A9A3A6525F12AB10042AD8A /* ApplicationLogic */ = {
			isa = PBXGroup;
			children = (
				3A9A3A6625F12AB10042AD8A /* Manager */,
				3A9A3A6825F12AB10042AD8A /* Interactor */,
			);
			path = ApplicationLogic;
			sourceTree = "<group>";
		};
		3A9A3A6625F12AB10042AD8A /* Manager */ = {
			isa = PBXGroup;
			children = (
				3A9A3A6725F12AB10042AD8A /* DetailManager.swift */,
			);
			path = Manager;
			sourceTree = "<group>";
		};
		3A9A3A6825F12AB10042AD8A /* Interactor */ = {
			isa = PBXGroup;
			children = (
				3A9A3A6925F12AB10042AD8A /* DetailInteractor.swift */,
			);
			path = Interactor;
			sourceTree = "<group>";
		};
		3A9A3A6A25F12AB10042AD8A /* UserInterface */ = {
			isa = PBXGroup;
			children = (
				3A9A3A6B25F12AB10042AD8A /* Presenter */,
				3A9A3A6D25F12AB10042AD8A /* WireFrame */,
				3A9A3A6F25F12AB10042AD8A /* View */,
			);
			path = UserInterface;
			sourceTree = "<group>";
		};
		3A9A3A6B25F12AB10042AD8A /* Presenter */ = {
			isa = PBXGroup;
			children = (
				3A9A3A6C25F12AB10042AD8A /* DetailPresenter.swift */,
			);
			path = Presenter;
			sourceTree = "<group>";
		};
		3A9A3A6D25F12AB10042AD8A /* WireFrame */ = {
			isa = PBXGroup;
			children = (
				3A9A3A6E25F12AB10042AD8A /* DetailWireFrame.swift */,
			);
			path = WireFrame;
			sourceTree = "<group>";
		};
		3A9A3A6F25F12AB10042AD8A /* View */ = {
			isa = PBXGroup;
			children = (
				3A9A3A7025F12AB10042AD8A /* DetailViewController.swift */,
			);
			path = View;
			sourceTree = "<group>";
		};
		3A9A3AC125F1425D0042AD8A /* List */ = {
			isa = PBXGroup;
			children = (
				3A9A3AC225F1425D0042AD8A /* ApplicationLogic */,
				3A9A3AC725F1425D0042AD8A /* UserInterface */,
			);
			path = List;
			sourceTree = "<group>";
		};
		3A9A3AC225F1425D0042AD8A /* ApplicationLogic */ = {
			isa = PBXGroup;
			children = (
				3A9A3AC325F1425D0042AD8A /* Manager */,
				3A9A3AC525F1425D0042AD8A /* Interactor */,
			);
			path = ApplicationLogic;
			sourceTree = "<group>";
		};
		3A9A3AC325F1425D0042AD8A /* Manager */ = {
			isa = PBXGroup;
			children = (
				3A9A3AC425F1425D0042AD8A /* ListDataManager.swift */,
			);
			path = Manager;
			sourceTree = "<group>";
		};
		3A9A3AC525F1425D0042AD8A /* Interactor */ = {
			isa = PBXGroup;
			children = (
				3A9A3AC625F1425D0042AD8A /* ListInteractor.swift */,
			);
			path = Interactor;
			sourceTree = "<group>";
		};
		3A9A3AC725F1425D0042AD8A /* UserInterface */ = {
			isa = PBXGroup;
			children = (
				3A9A3AC825F1425D0042AD8A /* Presenter */,
				3A9A3ACA25F1425E0042AD8A /* WireFrame */,
				3A9A3ACC25F1425E0042AD8A /* View */,
			);
			path = UserInterface;
			sourceTree = "<group>";
		};
		3A9A3AC825F1425D0042AD8A /* Presenter */ = {
			isa = PBXGroup;
			children = (
				3A9A3AC925F1425D0042AD8A /* ListPresenter.swift */,
			);
			path = Presenter;
			sourceTree = "<group>";
		};
		3A9A3ACA25F1425E0042AD8A /* WireFrame */ = {
			isa = PBXGroup;
			children = (
				3A9A3ACB25F1425E0042AD8A /* ListWireFrame.swift */,
			);
			path = WireFrame;
			sourceTree = "<group>";
		};
		3A9A3ACC25F1425E0042AD8A /* View */ = {
			isa = PBXGroup;
			children = (
				3A9A3ACD25F1425E0042AD8A /* ListViewController.swift */,
				3A9A3ACE25F1425E0042AD8A /* ListCell.swift */,
				3A9A3ACF25F1425E0042AD8A /* TotalCell.swift */,
			);
			path = View;
			sourceTree = "<group>";
		};
		6A5F27D394C461F68B0E84C4 /* Pods */ = {
			isa = PBXGroup;
			children = (
				8FB4D7AA7084B2CC39D259AE /* Pods-RetailStorePractice.debug.xcconfig */,
				CE1F09AA0CFA30F708B358A6 /* Pods-RetailStorePractice.release.xcconfig */,
			);
			path = Pods;
			sourceTree = "<group>";
		};
		873BF3B9231C98442D19018F /* Frameworks */ = {
			isa = PBXGroup;
			children = (
				7FF796D423862F336EE6BE37 /* Pods_RetailStorePractice.framework */,
			);
			name = Frameworks;
			sourceTree = "<group>";
		};
/* End PBXGroup section */

/* Begin PBXNativeTarget section */
		339A5F8E25ED26E800C6BA13 /* RetailStorePractice */ = {
			isa = PBXNativeTarget;
			buildConfigurationList = 339A5FA625ED26EA00C6BA13 /* Build configuration list for PBXNativeTarget "RetailStorePractice" */;
			buildPhases = (
				4F9E359C6404FE2D1B17EC92 /* [CP] Check Pods Manifest.lock */,
				339A5F8B25ED26E800C6BA13 /* Sources */,
				339A5F8C25ED26E800C6BA13 /* Frameworks */,
				339A5F8D25ED26E800C6BA13 /* Resources */,
				0B6A4D53982538A01B743570 /* [CP] Embed Pods Frameworks */,
			);
			buildRules = (
			);
			dependencies = (
			);
			name = RetailStorePractice;
			packageProductDependencies = (
				339A603F25EE4D7400C6BA13 /* RxDataSources */,
			);
			productName = RetailStorePractice;
			productReference = 339A5F8F25ED26E800C6BA13 /* RetailStorePractice.app */;
			productType = "com.apple.product-type.application";
		};
		339A601125EE47AF00C6BA13 /* RetailStorePracticeTests */ = {
			isa = PBXNativeTarget;
			buildConfigurationList = 339A601B25EE47B000C6BA13 /* Build configuration list for PBXNativeTarget "RetailStorePracticeTests" */;
			buildPhases = (
				339A600E25EE47AF00C6BA13 /* Sources */,
				339A600F25EE47AF00C6BA13 /* Frameworks */,
				339A601025EE47AF00C6BA13 /* Resources */,
			);
			buildRules = (
			);
			dependencies = (
				339A601825EE47B000C6BA13 /* PBXTargetDependency */,
			);
			name = RetailStorePracticeTests;
			productName = RetailStorePracticeTests;
			productReference = 339A601225EE47B000C6BA13 /* RetailStorePracticeTests.xctest */;
			productType = "com.apple.product-type.bundle.unit-test";
		};
		339A602525EE497B00C6BA13 /* RetailStorePracticeUITests */ = {
			isa = PBXNativeTarget;
			buildConfigurationList = 339A602D25EE497B00C6BA13 /* Build configuration list for PBXNativeTarget "RetailStorePracticeUITests" */;
			buildPhases = (
				339A602225EE497B00C6BA13 /* Sources */,
				339A602325EE497B00C6BA13 /* Frameworks */,
				339A602425EE497B00C6BA13 /* Resources */,
			);
			buildRules = (
			);
			dependencies = (
				339A602C25EE497B00C6BA13 /* PBXTargetDependency */,
			);
			name = RetailStorePracticeUITests;
			productName = RetailStorePracticeUITests;
			productReference = 339A602625EE497B00C6BA13 /* RetailStorePracticeUITests.xctest */;
			productType = "com.apple.product-type.bundle.ui-testing";
		};
/* End PBXNativeTarget section */

/* Begin PBXProject section */
		339A5F8725ED26E700C6BA13 /* Project object */ = {
			isa = PBXProject;
			attributes = {
				LastSwiftUpdateCheck = 1240;
				LastUpgradeCheck = 1240;
				TargetAttributes = {
					339A5F8E25ED26E800C6BA13 = {
						CreatedOnToolsVersion = 12.4;
					};
					339A601125EE47AF00C6BA13 = {
						CreatedOnToolsVersion = 12.4;
						TestTargetID = 339A5F8E25ED26E800C6BA13;
					};
					339A602525EE497B00C6BA13 = {
						CreatedOnToolsVersion = 12.4;
						TestTargetID = 339A5F8E25ED26E800C6BA13;
					};
				};
			};
			buildConfigurationList = 339A5F8A25ED26E700C6BA13 /* Build configuration list for PBXProject "RetailStorePractice" */;
			compatibilityVersion = "Xcode 9.3";
			developmentRegion = en;
			hasScannedForEncodings = 0;
			knownRegions = (
				en,
				Base,
			);
			mainGroup = 339A5F8625ED26E700C6BA13;
			packageReferences = (
				339A603E25EE4D7400C6BA13 /* XCRemoteSwiftPackageReference "RxDataSources" */,
			);
			productRefGroup = 339A5F9025ED26E800C6BA13 /* Products */;
			projectDirPath = "";
			projectRoot = "";
			targets = (
				339A5F8E25ED26E800C6BA13 /* RetailStorePractice */,
				339A601125EE47AF00C6BA13 /* RetailStorePracticeTests */,
				339A602525EE497B00C6BA13 /* RetailStorePracticeUITests */,
			);
		};
/* End PBXProject section */

/* Begin PBXResourcesBuildPhase section */
		339A5F8D25ED26E800C6BA13 /* Resources */ = {
			isa = PBXResourcesBuildPhase;
			buildActionMask = 2147483647;
			files = (
				339A5FF325ED6AE600C6BA13 /* Products.plist in Resources */,
				339A5FA225ED26EA00C6BA13 /* LaunchScreen.storyboard in Resources */,
				339A5F9F25ED26EA00C6BA13 /* Assets.xcassets in Resources */,
				3A76CC4325EFD7C800131250 /* RxDataSources in Resources */,
				339A5F9A25ED26E800C6BA13 /* Main.storyboard in Resources */,
			);
			runOnlyForDeploymentPostprocessing = 0;
		};
		339A601025EE47AF00C6BA13 /* Resources */ = {
			isa = PBXResourcesBuildPhase;
			buildActionMask = 2147483647;
			files = (
				3A76CC4425EFD7C800131250 /* RxDataSources in Resources */,
			);
			runOnlyForDeploymentPostprocessing = 0;
		};
		339A602425EE497B00C6BA13 /* Resources */ = {
			isa = PBXResourcesBuildPhase;
			buildActionMask = 2147483647;
			files = (
				3A76CC4525EFD7C800131250 /* RxDataSources in Resources */,
			);
			runOnlyForDeploymentPostprocessing = 0;
		};
/* End PBXResourcesBuildPhase section */

/* Begin PBXShellScriptBuildPhase section */
		0B6A4D53982538A01B743570 /* [CP] Embed Pods Frameworks */ = {
			isa = PBXShellScriptBuildPhase;
			buildActionMask = 2147483647;
			files = (
			);
			inputFileListPaths = (
				"${PODS_ROOT}/Target Support Files/Pods-RetailStorePractice/Pods-RetailStorePractice-frameworks-${CONFIGURATION}-input-files.xcfilelist",
			);
			name = "[CP] Embed Pods Frameworks";
			outputFileListPaths = (
				"${PODS_ROOT}/Target Support Files/Pods-RetailStorePractice/Pods-RetailStorePractice-frameworks-${CONFIGURATION}-output-files.xcfilelist",
			);
			runOnlyForDeploymentPostprocessing = 0;
			shellPath = /bin/sh;
			shellScript = "\"${PODS_ROOT}/Target Support Files/Pods-RetailStorePractice/Pods-RetailStorePractice-frameworks.sh\"\n";
			showEnvVarsInLog = 0;
		};
		4F9E359C6404FE2D1B17EC92 /* [CP] Check Pods Manifest.lock */ = {
			isa = PBXShellScriptBuildPhase;
			buildActionMask = 2147483647;
			files = (
			);
			inputFileListPaths = (
			);
			inputPaths = (
				"${PODS_PODFILE_DIR_PATH}/Podfile.lock",
				"${PODS_ROOT}/Manifest.lock",
			);
			name = "[CP] Check Pods Manifest.lock";
			outputFileListPaths = (
			);
			outputPaths = (
				"$(DERIVED_FILE_DIR)/Pods-RetailStorePractice-checkManifestLockResult.txt",
			);
			runOnlyForDeploymentPostprocessing = 0;
			shellPath = /bin/sh;
			shellScript = "diff \"${PODS_PODFILE_DIR_PATH}/Podfile.lock\" \"${PODS_ROOT}/Manifest.lock\" > /dev/null\nif [ $? != 0 ] ; then\n    # print error to STDERR\n    echo \"error: The sandbox is not in sync with the Podfile.lock. Run 'pod install' or update your CocoaPods installation.\" >&2\n    exit 1\nfi\n# This output is used by Xcode 'outputs' to avoid re-running this script phase.\necho \"SUCCESS\" > \"${SCRIPT_OUTPUT_FILE_0}\"\n";
			showEnvVarsInLog = 0;
		};
/* End PBXShellScriptBuildPhase section */

/* Begin PBXSourcesBuildPhase section */
		339A5F8B25ED26E800C6BA13 /* Sources */ = {
			isa = PBXSourcesBuildPhase;
			buildActionMask = 2147483647;
			files = (
				3A9A3A7125F12AB10042AD8A /* DetailManager.swift in Sources */,
				3A9A3AD025F1425E0042AD8A /* ListDataManager.swift in Sources */,
				3A9A3AD925F1425E0042AD8A /* ListWireFrame.swift in Sources */,
				339A5FDF25ED4D0300C6BA13 /* CoreDataStore.swift in Sources */,
				339A5FB225ED360500C6BA13 /* Model.swift in Sources */,
				3A76CB1625EE8FAC00131250 /* RootWireFrame.swift in Sources */,
				3A9A3A8725F12B930042AD8A /* Cart.swift in Sources */,
				3A9A3AD325F1425E0042AD8A /* ListInteractor.swift in Sources */,
				3A9A3ADC25F1425E0042AD8A /* ListViewController.swift in Sources */,
				3A76CBC925EFD68100131250 /* AppDependencies.swift in Sources */,
				3A9A3AE225F1425E0042AD8A /* TotalCell.swift in Sources */,
				339A5F9325ED26E800C6BA13 /* AppDelegate.swift in Sources */,
				3A9A3A7D25F12AB10042AD8A /* DetailViewController.swift in Sources */,
				3A9A3AD625F1425E0042AD8A /* ListPresenter.swift in Sources */,
				3A9A3ADF25F1425E0042AD8A /* ListCell.swift in Sources */,
				339A5F9D25ED26E800C6BA13 /* RetailStorePractice.xcdatamodeld in Sources */,
				339A5F9525ED26E800C6BA13 /* SceneDelegate.swift in Sources */,
				339A5FB625ED376D00C6BA13 /* Constants.swift in Sources */,
				3A9A3A7A25F12AB10042AD8A /* DetailWireFrame.swift in Sources */,
				3A9A3A7425F12AB10042AD8A /* DetailInteractor.swift in Sources */,
				3A9A3A7725F12AB10042AD8A /* DetailPresenter.swift in Sources */,
			);
			runOnlyForDeploymentPostprocessing = 0;
		};
		339A600E25EE47AF00C6BA13 /* Sources */ = {
			isa = PBXSourcesBuildPhase;
			buildActionMask = 2147483647;
			files = (
				3A9A3AD425F1425E0042AD8A /* ListInteractor.swift in Sources */,
				3A9A3AE325F1425E0042AD8A /* TotalCell.swift in Sources */,
				3A9A3A7225F12AB10042AD8A /* DetailManager.swift in Sources */,
				3A9A3AD125F1425E0042AD8A /* ListDataManager.swift in Sources */,
				3A9A3AE025F1425E0042AD8A /* ListCell.swift in Sources */,
				339A601525EE47B000C6BA13 /* RetailStorePracticeTests.swift in Sources */,
				3A76CBCA25EFD68100131250 /* AppDependencies.swift in Sources */,
				3A9A3A7B25F12AB10042AD8A /* DetailWireFrame.swift in Sources */,
				3A9A3A7825F12AB10042AD8A /* DetailPresenter.swift in Sources */,
				3A9A3A7525F12AB10042AD8A /* DetailInteractor.swift in Sources */,
				3A9A3ADA25F1425E0042AD8A /* ListWireFrame.swift in Sources */,
				3A9A3AD725F1425E0042AD8A /* ListPresenter.swift in Sources */,
				3A9A3A7E25F12AB10042AD8A /* DetailViewController.swift in Sources */,
				3A9A3ADD25F1425E0042AD8A /* ListViewController.swift in Sources */,
				3A9A3A8825F12B930042AD8A /* Cart.swift in Sources */,
			);
			runOnlyForDeploymentPostprocessing = 0;
		};
		339A602225EE497B00C6BA13 /* Sources */ = {
			isa = PBXSourcesBuildPhase;
			buildActionMask = 2147483647;
			files = (
				3A9A3AD525F1425E0042AD8A /* ListInteractor.swift in Sources */,
				3A9A3AE425F1425E0042AD8A /* TotalCell.swift in Sources */,
				3A9A3A7325F12AB10042AD8A /* DetailManager.swift in Sources */,
				3A9A3AD225F1425E0042AD8A /* ListDataManager.swift in Sources */,
				3A9A3AE125F1425E0042AD8A /* ListCell.swift in Sources */,
				339A602925EE497B00C6BA13 /* RetailStorePracticeUITests.swift in Sources */,
				3A76CBCB25EFD68100131250 /* AppDependencies.swift in Sources */,
				3A9A3A7C25F12AB10042AD8A /* DetailWireFrame.swift in Sources */,
				3A9A3A7925F12AB10042AD8A /* DetailPresenter.swift in Sources */,
				3A9A3A7625F12AB10042AD8A /* DetailInteractor.swift in Sources */,
				3A9A3ADB25F1425E0042AD8A /* ListWireFrame.swift in Sources */,
				3A9A3AD825F1425E0042AD8A /* ListPresenter.swift in Sources */,
				3A9A3A7F25F12AB10042AD8A /* DetailViewController.swift in Sources */,
				3A9A3ADE25F1425E0042AD8A /* ListViewController.swift in Sources */,
				3A9A3A8925F12B930042AD8A /* Cart.swift in Sources */,
			);
			runOnlyForDeploymentPostprocessing = 0;
		};
/* End PBXSourcesBuildPhase section */

/* Begin PBXTargetDependency section */
		339A601825EE47B000C6BA13 /* PBXTargetDependency */ = {
			isa = PBXTargetDependency;
			target = 339A5F8E25ED26E800C6BA13 /* RetailStorePractice */;
			targetProxy = 339A601725EE47B000C6BA13 /* PBXContainerItemProxy */;
		};
		339A602C25EE497B00C6BA13 /* PBXTargetDependency */ = {
			isa = PBXTargetDependency;
			target = 339A5F8E25ED26E800C6BA13 /* RetailStorePractice */;
			targetProxy = 339A602B25EE497B00C6BA13 /* PBXContainerItemProxy */;
		};
/* End PBXTargetDependency section */

/* Begin PBXVariantGroup section */
		339A5F9825ED26E800C6BA13 /* Main.storyboard */ = {
			isa = PBXVariantGroup;
			children = (
				339A5F9925ED26E800C6BA13 /* Base */,
			);
			name = Main.storyboard;
			sourceTree = "<group>";
		};
		339A5FA025ED26EA00C6BA13 /* LaunchScreen.storyboard */ = {
			isa = PBXVariantGroup;
			children = (
				339A5FA125ED26EA00C6BA13 /* Base */,
			);
			name = LaunchScreen.storyboard;
			sourceTree = "<group>";
		};
/* End PBXVariantGroup section */

/* Begin XCBuildConfiguration section */
		339A5FA425ED26EA00C6BA13 /* Debug */ = {
			isa = XCBuildConfiguration;
			buildSettings = {
				ALWAYS_SEARCH_USER_PATHS = NO;
				CLANG_ANALYZER_NONNULL = YES;
				CLANG_ANALYZER_NUMBER_OBJECT_CONVERSION = YES_AGGRESSIVE;
				CLANG_CXX_LANGUAGE_STANDARD = "gnu++14";
				CLANG_CXX_LIBRARY = "libc++";
				CLANG_ENABLE_MODULES = YES;
				CLANG_ENABLE_OBJC_ARC = YES;
				CLANG_ENABLE_OBJC_WEAK = YES;
				CLANG_WARN_BLOCK_CAPTURE_AUTORELEASING = YES;
				CLANG_WARN_BOOL_CONVERSION = YES;
				CLANG_WARN_COMMA = YES;
				CLANG_WARN_CONSTANT_CONVERSION = YES;
				CLANG_WARN_DEPRECATED_OBJC_IMPLEMENTATIONS = YES;
				CLANG_WARN_DIRECT_OBJC_ISA_USAGE = YES_ERROR;
				CLANG_WARN_DOCUMENTATION_COMMENTS = YES;
				CLANG_WARN_EMPTY_BODY = YES;
				CLANG_WARN_ENUM_CONVERSION = YES;
				CLANG_WARN_INFINITE_RECURSION = YES;
				CLANG_WARN_INT_CONVERSION = YES;
				CLANG_WARN_NON_LITERAL_NULL_CONVERSION = YES;
				CLANG_WARN_OBJC_IMPLICIT_RETAIN_SELF = YES;
				CLANG_WARN_OBJC_LITERAL_CONVERSION = YES;
				CLANG_WARN_OBJC_ROOT_CLASS = YES_ERROR;
				CLANG_WARN_QUOTED_INCLUDE_IN_FRAMEWORK_HEADER = YES;
				CLANG_WARN_RANGE_LOOP_ANALYSIS = YES;
				CLANG_WARN_STRICT_PROTOTYPES = YES;
				CLANG_WARN_SUSPICIOUS_MOVE = YES;
				CLANG_WARN_UNGUARDED_AVAILABILITY = YES_AGGRESSIVE;
				CLANG_WARN_UNREACHABLE_CODE = YES;
				CLANG_WARN__DUPLICATE_METHOD_MATCH = YES;
				COPY_PHASE_STRIP = NO;
				DEBUG_INFORMATION_FORMAT = dwarf;
				ENABLE_STRICT_OBJC_MSGSEND = YES;
				ENABLE_TESTABILITY = YES;
				GCC_C_LANGUAGE_STANDARD = gnu11;
				GCC_DYNAMIC_NO_PIC = NO;
				GCC_NO_COMMON_BLOCKS = YES;
				GCC_OPTIMIZATION_LEVEL = 0;
				GCC_PREPROCESSOR_DEFINITIONS = (
					"DEBUG=1",
					"$(inherited)",
				);
				GCC_WARN_64_TO_32_BIT_CONVERSION = YES;
				GCC_WARN_ABOUT_RETURN_TYPE = YES_ERROR;
				GCC_WARN_UNDECLARED_SELECTOR = YES;
				GCC_WARN_UNINITIALIZED_AUTOS = YES_AGGRESSIVE;
				GCC_WARN_UNUSED_FUNCTION = YES;
				GCC_WARN_UNUSED_VARIABLE = YES;
				IPHONEOS_DEPLOYMENT_TARGET = 14.4;
				MTL_ENABLE_DEBUG_INFO = INCLUDE_SOURCE;
				MTL_FAST_MATH = YES;
				ONLY_ACTIVE_ARCH = YES;
				SDKROOT = iphoneos;
				SWIFT_ACTIVE_COMPILATION_CONDITIONS = DEBUG;
				SWIFT_OPTIMIZATION_LEVEL = "-Onone";
			};
			name = Debug;
		};
		339A5FA525ED26EA00C6BA13 /* Release */ = {
			isa = XCBuildConfiguration;
			buildSettings = {
				ALWAYS_SEARCH_USER_PATHS = NO;
				CLANG_ANALYZER_NONNULL = YES;
				CLANG_ANALYZER_NUMBER_OBJECT_CONVERSION = YES_AGGRESSIVE;
				CLANG_CXX_LANGUAGE_STANDARD = "gnu++14";
				CLANG_CXX_LIBRARY = "libc++";
				CLANG_ENABLE_MODULES = YES;
				CLANG_ENABLE_OBJC_ARC = YES;
				CLANG_ENABLE_OBJC_WEAK = YES;
				CLANG_WARN_BLOCK_CAPTURE_AUTORELEASING = YES;
				CLANG_WARN_BOOL_CONVERSION = YES;
				CLANG_WARN_COMMA = YES;
				CLANG_WARN_CONSTANT_CONVERSION = YES;
				CLANG_WARN_DEPRECATED_OBJC_IMPLEMENTATIONS = YES;
				CLANG_WARN_DIRECT_OBJC_ISA_USAGE = YES_ERROR;
				CLANG_WARN_DOCUMENTATION_COMMENTS = YES;
				CLANG_WARN_EMPTY_BODY = YES;
				CLANG_WARN_ENUM_CONVERSION = YES;
				CLANG_WARN_INFINITE_RECURSION = YES;
				CLANG_WARN_INT_CONVERSION = YES;
				CLANG_WARN_NON_LITERAL_NULL_CONVERSION = YES;
				CLANG_WARN_OBJC_IMPLICIT_RETAIN_SELF = YES;
				CLANG_WARN_OBJC_LITERAL_CONVERSION = YES;
				CLANG_WARN_OBJC_ROOT_CLASS = YES_ERROR;
				CLANG_WARN_QUOTED_INCLUDE_IN_FRAMEWORK_HEADER = YES;
				CLANG_WARN_RANGE_LOOP_ANALYSIS = YES;
				CLANG_WARN_STRICT_PROTOTYPES = YES;
				CLANG_WARN_SUSPICIOUS_MOVE = YES;
				CLANG_WARN_UNGUARDED_AVAILABILITY = YES_AGGRESSIVE;
				CLANG_WARN_UNREACHABLE_CODE = YES;
				CLANG_WARN__DUPLICATE_METHOD_MATCH = YES;
				COPY_PHASE_STRIP = NO;
				DEBUG_INFORMATION_FORMAT = "dwarf-with-dsym";
				ENABLE_NS_ASSERTIONS = NO;
				ENABLE_STRICT_OBJC_MSGSEND = YES;
				GCC_C_LANGUAGE_STANDARD = gnu11;
				GCC_NO_COMMON_BLOCKS = YES;
				GCC_WARN_64_TO_32_BIT_CONVERSION = YES;
				GCC_WARN_ABOUT_RETURN_TYPE = YES_ERROR;
				GCC_WARN_UNDECLARED_SELECTOR = YES;
				GCC_WARN_UNINITIALIZED_AUTOS = YES_AGGRESSIVE;
				GCC_WARN_UNUSED_FUNCTION = YES;
				GCC_WARN_UNUSED_VARIABLE = YES;
				IPHONEOS_DEPLOYMENT_TARGET = 14.4;
				MTL_ENABLE_DEBUG_INFO = NO;
				MTL_FAST_MATH = YES;
				SDKROOT = iphoneos;
				SWIFT_COMPILATION_MODE = wholemodule;
				SWIFT_OPTIMIZATION_LEVEL = "-O";
				VALIDATE_PRODUCT = YES;
			};
			name = Release;
		};
		339A5FA725ED26EA00C6BA13 /* Debug */ = {
			isa = XCBuildConfiguration;
			baseConfigurationReference = 8FB4D7AA7084B2CC39D259AE /* Pods-RetailStorePractice.debug.xcconfig */;
			buildSettings = {
				ASSETCATALOG_COMPILER_APPICON_NAME = AppIcon;
				ASSETCATALOG_COMPILER_GLOBAL_ACCENT_COLOR_NAME = AccentColor;
				CODE_SIGN_STYLE = Automatic;
				DEVELOPMENT_TEAM = Z7FX3P5JFP;
				INFOPLIST_FILE = RetailStorePractice/Info.plist;
				LD_RUNPATH_SEARCH_PATHS = (
					"$(inherited)",
					"@executable_path/Frameworks",
				);
				PRODUCT_BUNDLE_IDENTIFIER = com.crypto.RetailStorePractice;
				PRODUCT_NAME = "$(TARGET_NAME)";
				SWIFT_VERSION = 5.0;
				TARGETED_DEVICE_FAMILY = "1,2";
			};
			name = Debug;
		};
		339A5FA825ED26EA00C6BA13 /* Release */ = {
			isa = XCBuildConfiguration;
			baseConfigurationReference = CE1F09AA0CFA30F708B358A6 /* Pods-RetailStorePractice.release.xcconfig */;
			buildSettings = {
				ASSETCATALOG_COMPILER_APPICON_NAME = AppIcon;
				ASSETCATALOG_COMPILER_GLOBAL_ACCENT_COLOR_NAME = AccentColor;
				CODE_SIGN_STYLE = Automatic;
				DEVELOPMENT_TEAM = Z7FX3P5JFP;
				INFOPLIST_FILE = RetailStorePractice/Info.plist;
				LD_RUNPATH_SEARCH_PATHS = (
					"$(inherited)",
					"@executable_path/Frameworks",
				);
				PRODUCT_BUNDLE_IDENTIFIER = com.crypto.RetailStorePractice;
				PRODUCT_NAME = "$(TARGET_NAME)";
				SWIFT_VERSION = 5.0;
				TARGETED_DEVICE_FAMILY = "1,2";
			};
			name = Release;
		};
		339A601925EE47B000C6BA13 /* Debug */ = {
			isa = XCBuildConfiguration;
			buildSettings = {
				BUNDLE_LOADER = "$(TEST_HOST)";
				CODE_SIGN_STYLE = Automatic;
				DEVELOPMENT_TEAM = Z7FX3P5JFP;
				INFOPLIST_FILE = RetailStorePracticeTests/Info.plist;
				LD_RUNPATH_SEARCH_PATHS = (
					"$(inherited)",
					"@executable_path/Frameworks",
					"@loader_path/Frameworks",
				);
				PRODUCT_BUNDLE_IDENTIFIER = com.crypto.RetailStorePracticeTests;
				PRODUCT_NAME = "$(TARGET_NAME)";
				SWIFT_VERSION = 5.0;
				TARGETED_DEVICE_FAMILY = "1,2";
				TEST_HOST = "$(BUILT_PRODUCTS_DIR)/RetailStorePractice.app/RetailStorePractice";
			};
			name = Debug;
		};
		339A601A25EE47B000C6BA13 /* Release */ = {
			isa = XCBuildConfiguration;
			buildSettings = {
				BUNDLE_LOADER = "$(TEST_HOST)";
				CODE_SIGN_STYLE = Automatic;
				DEVELOPMENT_TEAM = Z7FX3P5JFP;
				INFOPLIST_FILE = RetailStorePracticeTests/Info.plist;
				LD_RUNPATH_SEARCH_PATHS = (
					"$(inherited)",
					"@executable_path/Frameworks",
					"@loader_path/Frameworks",
				);
				PRODUCT_BUNDLE_IDENTIFIER = com.crypto.RetailStorePracticeTests;
				PRODUCT_NAME = "$(TARGET_NAME)";
				SWIFT_VERSION = 5.0;
				TARGETED_DEVICE_FAMILY = "1,2";
				TEST_HOST = "$(BUILT_PRODUCTS_DIR)/RetailStorePractice.app/RetailStorePractice";
			};
			name = Release;
		};
		339A602E25EE497B00C6BA13 /* Debug */ = {
			isa = XCBuildConfiguration;
			buildSettings = {
				CODE_SIGN_STYLE = Automatic;
				DEVELOPMENT_TEAM = Z7FX3P5JFP;
				INFOPLIST_FILE = RetailStorePracticeUITests/Info.plist;
				LD_RUNPATH_SEARCH_PATHS = (
					"$(inherited)",
					"@executable_path/Frameworks",
					"@loader_path/Frameworks",
				);
				PRODUCT_BUNDLE_IDENTIFIER = com.crypto.RetailStorePracticeUITests;
				PRODUCT_NAME = "$(TARGET_NAME)";
				SWIFT_VERSION = 5.0;
				TARGETED_DEVICE_FAMILY = "1,2";
				TEST_TARGET_NAME = RetailStorePractice;
			};
			name = Debug;
		};
		339A602F25EE497B00C6BA13 /* Release */ = {
			isa = XCBuildConfiguration;
			buildSettings = {
				CODE_SIGN_STYLE = Automatic;
				DEVELOPMENT_TEAM = Z7FX3P5JFP;
				INFOPLIST_FILE = RetailStorePracticeUITests/Info.plist;
				LD_RUNPATH_SEARCH_PATHS = (
					"$(inherited)",
					"@executable_path/Frameworks",
					"@loader_path/Frameworks",
				);
				PRODUCT_BUNDLE_IDENTIFIER = com.crypto.RetailStorePracticeUITests;
				PRODUCT_NAME = "$(TARGET_NAME)";
				SWIFT_VERSION = 5.0;
				TARGETED_DEVICE_FAMILY = "1,2";
				TEST_TARGET_NAME = RetailStorePractice;
			};
			name = Release;
		};
/* End XCBuildConfiguration section */

/* Begin XCConfigurationList section */
		339A5F8A25ED26E700C6BA13 /* Build configuration list for PBXProject "RetailStorePractice" */ = {
			isa = XCConfigurationList;
			buildConfigurations = (
				339A5FA425ED26EA00C6BA13 /* Debug */,
				339A5FA525ED26EA00C6BA13 /* Release */,
			);
			defaultConfigurationIsVisible = 0;
			defaultConfigurationName = Release;
		};
		339A5FA625ED26EA00C6BA13 /* Build configuration list for PBXNativeTarget "RetailStorePractice" */ = {
			isa = XCConfigurationList;
			buildConfigurations = (
				339A5FA725ED26EA00C6BA13 /* Debug */,
				339A5FA825ED26EA00C6BA13 /* Release */,
			);
			defaultConfigurationIsVisible = 0;
			defaultConfigurationName = Release;
		};
		339A601B25EE47B000C6BA13 /* Build configuration list for PBXNativeTarget "RetailStorePracticeTests" */ = {
			isa = XCConfigurationList;
			buildConfigurations = (
				339A601925EE47B000C6BA13 /* Debug */,
				339A601A25EE47B000C6BA13 /* Release */,
			);
			defaultConfigurationIsVisible = 0;
			defaultConfigurationName = Release;
		};
		339A602D25EE497B00C6BA13 /* Build configuration list for PBXNativeTarget "RetailStorePracticeUITests" */ = {
			isa = XCConfigurationList;
			buildConfigurations = (
				339A602E25EE497B00C6BA13 /* Debug */,
				339A602F25EE497B00C6BA13 /* Release */,
			);
			defaultConfigurationIsVisible = 0;
			defaultConfigurationName = Release;
		};
/* End XCConfigurationList section */

/* Begin XCRemoteSwiftPackageReference section */
		339A603E25EE4D7400C6BA13 /* XCRemoteSwiftPackageReference "RxDataSources" */ = {
			isa = XCRemoteSwiftPackageReference;
			repositoryURL = "https://github.com/RxSwiftCommunity/RxDataSources.git";
			requirement = {
				kind = upToNextMajorVersion;
				minimumVersion = 5.0.0;
			};
		};
/* End XCRemoteSwiftPackageReference section */

/* Begin XCSwiftPackageProductDependency section */
		339A603F25EE4D7400C6BA13 /* RxDataSources */ = {
			isa = XCSwiftPackageProductDependency;
			package = 339A603E25EE4D7400C6BA13 /* XCRemoteSwiftPackageReference "RxDataSources" */;
			productName = RxDataSources;
		};
/* End XCSwiftPackageProductDependency section */

/* Begin XCVersionGroup section */
		339A5F9B25ED26E800C6BA13 /* RetailStorePractice.xcdatamodeld */ = {
			isa = XCVersionGroup;
			children = (
				339A5F9C25ED26E800C6BA13 /* RetailStorePractice.xcdatamodel */,
			);
			currentVersion = 339A5F9C25ED26E800C6BA13 /* RetailStorePractice.xcdatamodel */;
			path = RetailStorePractice.xcdatamodeld;
			sourceTree = "<group>";
			versionGroupType = wrapper.xcdatamodel;
		};
/* End XCVersionGroup section */
	};
	rootObject = 339A5F8725ED26E700C6BA13 /* Project object */;
}
