// !$*UTF8*$!
{
	archiveVersion = 1;
	classes = {
	};
	objectVersion = 50;
	objects = {

/* Begin PBXBuildFile section */
		339A5F9325ED26E800C6BA13 /* AppDelegate.swift in Sources */ = {isa = PBXBuildFile; fileRef = 339A5F9225ED26E800C6BA13 /* AppDelegate.swift */; };
		339A5F9525ED26E800C6BA13 /* SceneDelegate.swift in Sources */ = {isa = PBXBuildFile; fileRef = 339A5F9425ED26E800C6BA13 /* SceneDelegate.swift */; };
		339A5F9725ED26E800C6BA13 /* ViewController.swift in Sources */ = {isa = PBXBuildFile; fileRef = 339A5F9625ED26E800C6BA13 /* ViewController.swift */; };
		339A5F9A25ED26E800C6BA13 /* Main.storyboard in Resources */ = {isa = PBXBuildFile; fileRef = 339A5F9825ED26E800C6BA13 /* Main.storyboard */; };
		339A5F9D25ED26E800C6BA13 /* RetailStorePractice.xcdatamodeld in Sources */ = {isa = PBXBuildFile; fileRef = 339A5F9B25ED26E800C6BA13 /* RetailStorePractice.xcdatamodeld */; };
		339A5F9F25ED26EA00C6BA13 /* Assets.xcassets in Resources */ = {isa = PBXBuildFile; fileRef = 339A5F9E25ED26EA00C6BA13 /* Assets.xcassets */; };
		339A5FA225ED26EA00C6BA13 /* LaunchScreen.storyboard in Resources */ = {isa = PBXBuildFile; fileRef = 339A5FA025ED26EA00C6BA13 /* LaunchScreen.storyboard */; };
/* End PBXBuildFile section */

/* Begin PBXFileReference section */
		339A5F8F25ED26E800C6BA13 /* RetailStorePractice.app */ = {isa = PBXFileReference; explicitFileType = wrapper.application; includeInIndex = 0; path = RetailStorePractice.app; sourceTree = BUILT_PRODUCTS_DIR; };
		339A5F9225ED26E800C6BA13 /* AppDelegate.swift */ = {isa = PBXFileReference; lastKnownFileType = sourcecode.swift; path = AppDelegate.swift; sourceTree = "<group>"; };
		339A5F9425ED26E800C6BA13 /* SceneDelegate.swift */ = {isa = PBXFileReference; lastKnownFileType = sourcecode.swift; path = SceneDelegate.swift; sourceTree = "<group>"; };
		339A5F9625ED26E800C6BA13 /* ViewController.swift */ = {isa = PBXFileReference; lastKnownFileType = sourcecode.swift; path = ViewController.swift; sourceTree = "<group>"; };
		339A5F9925ED26E800C6BA13 /* Base */ = {isa = PBXFileReference; lastKnownFileType = file.storyboard; name = Base; path = Base.lproj/Main.storyboard; sourceTree = "<group>"; };
		339A5F9C25ED26E800C6BA13 /* RetailStorePractice.xcdatamodel */ = {isa = PBXFileReference; lastKnownFileType = wrapper.xcdatamodel; path = RetailStorePractice.xcdatamodel; sourceTree = "<group>"; };
		339A5F9E25ED26EA00C6BA13 /* Assets.xcassets */ = {isa = PBXFileReference; lastKnownFileType = folder.assetcatalog; path = Assets.xcassets; sourceTree = "<group>"; };
		339A5FA125ED26EA00C6BA13 /* Base */ = {isa = PBXFileReference; lastKnownFileType = file.storyboard; name = Base; path = Base.lproj/LaunchScreen.storyboard; sourceTree = "<group>"; };
		339A5FA325ED26EA00C6BA13 /* Info.plist */ = {isa = PBXFileReference; lastKnownFileType = text.plist.xml; path = Info.plist; sourceTree = "<group>"; };
/* End PBXFileReference section */

/* Begin PBXFrameworksBuildPhase section */
		339A5F8C25ED26E800C6BA13 /* Frameworks */ = {
			isa = PBXFrameworksBuildPhase;
			buildActionMask = 2147483647;
			files = (
			);
			runOnlyForDeploymentPostprocessing = 0;
		};
/* End PBXFrameworksBuildPhase section */

/* Begin PBXGroup section */
		339A5F8625ED26E700C6BA13 = {
			isa = PBXGroup;
			children = (
				339A5F9125ED26E800C6BA13 /* RetailStorePractice */,
				339A5F9025ED26E800C6BA13 /* Products */,
			);
			sourceTree = "<group>";
		};
		339A5F9025ED26E800C6BA13 /* Products */ = {
			isa = PBXGroup;
			children = (
				339A5F8F25ED26E800C6BA13 /* RetailStorePractice.app */,
			);
			name = Products;
			sourceTree = "<group>";
		};
		339A5F9125ED26E800C6BA13 /* RetailStorePractice */ = {
			isa = PBXGroup;
			children = (
				339A5F9225ED26E800C6BA13 /* AppDelegate.swift */,
				339A5F9425ED26E800C6BA13 /* SceneDelegate.swift */,
				339A5F9625ED26E800C6BA13 /* ViewController.swift */,
				339A5F9825ED26E800C6BA13 /* Main.storyboard */,
				339A5F9E25ED26EA00C6BA13 /* Assets.xcassets */,
				339A5FA025ED26EA00C6BA13 /* LaunchScreen.storyboard */,
				339A5FA325ED26EA00C6BA13 /* Info.plist */,
				339A5F9B25ED26E800C6BA13 /* RetailStorePractice.xcdatamodeld */,
			);
			path = RetailStorePractice;
			sourceTree = "<group>";
		};
/* End PBXGroup section */

/* Begin PBXNativeTarget section */
		339A5F8E25ED26E800C6BA13 /* RetailStorePractice */ = {
			isa = PBXNativeTarget;
			buildConfigurationList = 339A5FA625ED26EA00C6BA13 /* Build configuration list for PBXNativeTarget "RetailStorePractice" */;
			buildPhases = (
				339A5F8B25ED26E800C6BA13 /* Sources */,
				339A5F8C25ED26E800C6BA13 /* Frameworks */,
				339A5F8D25ED26E800C6BA13 /* Resources */,
			);
			buildRules = (
			);
			dependencies = (
			);
			name = RetailStorePractice;
			productName = RetailStorePractice;
			productReference = 339A5F8F25ED26E800C6BA13 /* RetailStorePractice.app */;
			productType = "com.apple.product-type.application";
		};
/* End PBXNativeTarget section */

/* Begin PBXProject section */
		339A5F8725ED26E700C6BA13 /* Project object */ = {
			isa = PBXProject;
			attributes = {
				LastSwiftUpdateCheck = 1240;
				LastUpgradeCheck = 1240;
				TargetAttributes = {
					339A5F8E25ED26E800C6BA13 = {
						CreatedOnToolsVersion = 12.4;
					};
				};
			};
			buildConfigurationList = 339A5F8A25ED26E700C6BA13 /* Build configuration list for PBXProject "RetailStorePractice" */;
			compatibilityVersion = "Xcode 9.3";
			developmentRegion = en;
			hasScannedForEncodings = 0;
			knownRegions = (
				en,
				Base,
			);
			mainGroup = 339A5F8625ED26E700C6BA13;
			productRefGroup = 339A5F9025ED26E800C6BA13 /* Products */;
			projectDirPath = "";
			projectRoot = "";
			targets = (
				339A5F8E25ED26E800C6BA13 /* RetailStorePractice */,
			);
		};
/* End PBXProject section */

/* Begin PBXResourcesBuildPhase section */
		339A5F8D25ED26E800C6BA13 /* Resources */ = {
			isa = PBXResourcesBuildPhase;
			buildActionMask = 2147483647;
			files = (
				339A5FA225ED26EA00C6BA13 /* LaunchScreen.storyboard in Resources */,
				339A5F9F25ED26EA00C6BA13 /* Assets.xcassets in Resources */,
				339A5F9A25ED26E800C6BA13 /* Main.storyboard in Resources */,
			);
			runOnlyForDeploymentPostprocessing = 0;
		};
/* End PBXResourcesBuildPhase section */

/* Begin PBXSourcesBuildPhase section */
		339A5F8B25ED26E800C6BA13 /* Sources */ = {
			isa = PBXSourcesBuildPhase;
			buildActionMask = 2147483647;
			files = (
				339A5F9725ED26E800C6BA13 /* ViewController.swift in Sources */,
				339A5F9325ED26E800C6BA13 /* AppDelegate.swift in Sources */,
				339A5F9D25ED26E800C6BA13 /* RetailStorePractice.xcdatamodeld in Sources */,
				339A5F9525ED26E800C6BA13 /* SceneDelegate.swift in Sources */,
			);
			runOnlyForDeploymentPostprocessing = 0;
		};
/* End PBXSourcesBuildPhase section */

/* Begin PBXVariantGroup section */
		339A5F9825ED26E800C6BA13 /* Main.storyboard */ = {
			isa = PBXVariantGroup;
			children = (
				339A5F9925ED26E800C6BA13 /* Base */,
			);
			name = Main.storyboard;
			sourceTree = "<group>";
		};
		339A5FA025ED26EA00C6BA13 /* LaunchScreen.storyboard */ = {
			isa = PBXVariantGroup;
			children = (
				339A5FA125ED26EA00C6BA13 /* Base */,
			);
			name = LaunchScreen.storyboard;
			sourceTree = "<group>";
		};
/* End PBXVariantGroup section */

/* Begin XCBuildConfiguration section */
		339A5FA425ED26EA00C6BA13 /* Debug */ = {
			isa = XCBuildConfiguration;
			buildSettings = {
				ALWAYS_SEARCH_USER_PATHS = NO;
				CLANG_ANALYZER_NONNULL = YES;
				CLANG_ANALYZER_NUMBER_OBJECT_CONVERSION = YES_AGGRESSIVE;
				CLANG_CXX_LANGUAGE_STANDARD = "gnu++14";
				CLANG_CXX_LIBRARY = "libc++";
				CLANG_ENABLE_MODULES = YES;
				CLANG_ENABLE_OBJC_ARC = YES;
				CLANG_ENABLE_OBJC_WEAK = YES;
				CLANG_WARN_BLOCK_CAPTURE_AUTORELEASING = YES;
				CLANG_WARN_BOOL_CONVERSION = YES;
				CLANG_WARN_COMMA = YES;
				CLANG_WARN_CONSTANT_CONVERSION = YES;
				CLANG_WARN_DEPRECATED_OBJC_IMPLEMENTATIONS = YES;
				CLANG_WARN_DIRECT_OBJC_ISA_USAGE = YES_ERROR;
				CLANG_WARN_DOCUMENTATION_COMMENTS = YES;
				CLANG_WARN_EMPTY_BODY = YES;
				CLANG_WARN_ENUM_CONVERSION = YES;
				CLANG_WARN_INFINITE_RECURSION = YES;
				CLANG_WARN_INT_CONVERSION = YES;
				CLANG_WARN_NON_LITERAL_NULL_CONVERSION = YES;
				CLANG_WARN_OBJC_IMPLICIT_RETAIN_SELF = YES;
				CLANG_WARN_OBJC_LITERAL_CONVERSION = YES;
				CLANG_WARN_OBJC_ROOT_CLASS = YES_ERROR;
				CLANG_WARN_QUOTED_INCLUDE_IN_FRAMEWORK_HEADER = YES;
				CLANG_WARN_RANGE_LOOP_ANALYSIS = YES;
				CLANG_WARN_STRICT_PROTOTYPES = YES;
				CLANG_WARN_SUSPICIOUS_MOVE = YES;
				CLANG_WARN_UNGUARDED_AVAILABILITY = YES_AGGRESSIVE;
				CLANG_WARN_UNREACHABLE_CODE = YES;
				CLANG_WARN__DUPLICATE_METHOD_MATCH = YES;
				COPY_PHASE_STRIP = NO;
				DEBUG_INFORMATION_FORMAT = dwarf;
				ENABLE_STRICT_OBJC_MSGSEND = YES;
				ENABLE_TESTABILITY = YES;
				GCC_C_LANGUAGE_STANDARD = gnu11;
				GCC_DYNAMIC_NO_PIC = NO;
				GCC_NO_COMMON_BLOCKS = YES;
				GCC_OPTIMIZATION_LEVEL = 0;
				GCC_PREPROCESSOR_DEFINITIONS = (
					"DEBUG=1",
					"$(inherited)",
				);
				GCC_WARN_64_TO_32_BIT_CONVERSION = YES;
				GCC_WARN_ABOUT_RETURN_TYPE = YES_ERROR;
				GCC_WARN_UNDECLARED_SELECTOR = YES;
				GCC_WARN_UNINITIALIZED_AUTOS = YES_AGGRESSIVE;
				GCC_WARN_UNUSED_FUNCTION = YES;
				GCC_WARN_UNUSED_VARIABLE = YES;
				IPHONEOS_DEPLOYMENT_TARGET = 14.4;
				MTL_ENABLE_DEBUG_INFO = INCLUDE_SOURCE;
				MTL_FAST_MATH = YES;
				ONLY_ACTIVE_ARCH = YES;
				SDKROOT = iphoneos;
				SWIFT_ACTIVE_COMPILATION_CONDITIONS = DEBUG;
				SWIFT_OPTIMIZATION_LEVEL = "-Onone";
			};
			name = Debug;
		};
		339A5FA525ED26EA00C6BA13 /* Release */ = {
			isa = XCBuildConfiguration;
			buildSettings = {
				ALWAYS_SEARCH_USER_PATHS = NO;
				CLANG_ANALYZER_NONNULL = YES;
				CLANG_ANALYZER_NUMBER_OBJECT_CONVERSION = YES_AGGRESSIVE;
				CLANG_CXX_LANGUAGE_STANDARD = "gnu++14";
				CLANG_CXX_LIBRARY = "libc++";
				CLANG_ENABLE_MODULES = YES;
				CLANG_ENABLE_OBJC_ARC = YES;
				CLANG_ENABLE_OBJC_WEAK = YES;
				CLANG_WARN_BLOCK_CAPTURE_AUTORELEASING = YES;
				CLANG_WARN_BOOL_CONVERSION = YES;
				CLANG_WARN_COMMA = YES;
				CLANG_WARN_CONSTANT_CONVERSION = YES;
				CLANG_WARN_DEPRECATED_OBJC_IMPLEMENTATIONS = YES;
				CLANG_WARN_DIRECT_OBJC_ISA_USAGE = YES_ERROR;
				CLANG_WARN_DOCUMENTATION_COMMENTS = YES;
				CLANG_WARN_EMPTY_BODY = YES;
				CLANG_WARN_ENUM_CONVERSION = YES;
				CLANG_WARN_INFINITE_RECURSION = YES;
				CLANG_WARN_INT_CONVERSION = YES;
				CLANG_WARN_NON_LITERAL_NULL_CONVERSION = YES;
				CLANG_WARN_OBJC_IMPLICIT_RETAIN_SELF = YES;
				CLANG_WARN_OBJC_LITERAL_CONVERSION = YES;
				CLANG_WARN_OBJC_ROOT_CLASS = YES_ERROR;
				CLANG_WARN_QUOTED_INCLUDE_IN_FRAMEWORK_HEADER = YES;
				CLANG_WARN_RANGE_LOOP_ANALYSIS = YES;
				CLANG_WARN_STRICT_PROTOTYPES = YES;
				CLANG_WARN_SUSPICIOUS_MOVE = YES;
				CLANG_WARN_UNGUARDED_AVAILABILITY = YES_AGGRESSIVE;
				CLANG_WARN_UNREACHABLE_CODE = YES;
				CLANG_WARN__DUPLICATE_METHOD_MATCH = YES;
				COPY_PHASE_STRIP = NO;
				DEBUG_INFORMATION_FORMAT = "dwarf-with-dsym";
				ENABLE_NS_ASSERTIONS = NO;
				ENABLE_STRICT_OBJC_MSGSEND = YES;
				GCC_C_LANGUAGE_STANDARD = gnu11;
				GCC_NO_COMMON_BLOCKS = YES;
				GCC_WARN_64_TO_32_BIT_CONVERSION = YES;
				GCC_WARN_ABOUT_RETURN_TYPE = YES_ERROR;
				GCC_WARN_UNDECLARED_SELECTOR = YES;
				GCC_WARN_UNINITIALIZED_AUTOS = YES_AGGRESSIVE;
				GCC_WARN_UNUSED_FUNCTION = YES;
				GCC_WARN_UNUSED_VARIABLE = YES;
				IPHONEOS_DEPLOYMENT_TARGET = 14.4;
				MTL_ENABLE_DEBUG_INFO = NO;
				MTL_FAST_MATH = YES;
				SDKROOT = iphoneos;
				SWIFT_COMPILATION_MODE = wholemodule;
				SWIFT_OPTIMIZATION_LEVEL = "-O";
				VALIDATE_PRODUCT = YES;
			};
			name = Release;
		};
		339A5FA725ED26EA00C6BA13 /* Debug */ = {
			isa = XCBuildConfiguration;
			buildSettings = {
				ASSETCATALOG_COMPILER_APPICON_NAME = AppIcon;
				ASSETCATALOG_COMPILER_GLOBAL_ACCENT_COLOR_NAME = AccentColor;
				CODE_SIGN_STYLE = Automatic;
				DEVELOPMENT_TEAM = Z7FX3P5JFP;
				INFOPLIST_FILE = RetailStorePractice/Info.plist;
				LD_RUNPATH_SEARCH_PATHS = (
					"$(inherited)",
					"@executable_path/Frameworks",
				);
				PRODUCT_BUNDLE_IDENTIFIER = com.crypto.RetailStorePractice;
				PRODUCT_NAME = "$(TARGET_NAME)";
				SWIFT_VERSION = 5.0;
				TARGETED_DEVICE_FAMILY = "1,2";
			};
			name = Debug;
		};
		339A5FA825ED26EA00C6BA13 /* Release */ = {
			isa = XCBuildConfiguration;
			buildSettings = {
				ASSETCATALOG_COMPILER_APPICON_NAME = AppIcon;
				ASSETCATALOG_COMPILER_GLOBAL_ACCENT_COLOR_NAME = AccentColor;
				CODE_SIGN_STYLE = Automatic;
				DEVELOPMENT_TEAM = Z7FX3P5JFP;
				INFOPLIST_FILE = RetailStorePractice/Info.plist;
				LD_RUNPATH_SEARCH_PATHS = (
					"$(inherited)",
					"@executable_path/Frameworks",
				);
				PRODUCT_BUNDLE_IDENTIFIER = com.crypto.RetailStorePractice;
				PRODUCT_NAME = "$(TARGET_NAME)";
				SWIFT_VERSION = 5.0;
				TARGETED_DEVICE_FAMILY = "1,2";
			};
			name = Release;
		};
/* End XCBuildConfiguration section */

/* Begin XCConfigurationList section */
		339A5F8A25ED26E700C6BA13 /* Build configuration list for PBXProject "RetailStorePractice" */ = {
			isa = XCConfigurationList;
			buildConfigurations = (
				339A5FA425ED26EA00C6BA13 /* Debug */,
				339A5FA525ED26EA00C6BA13 /* Release */,
			);
			defaultConfigurationIsVisible = 0;
			defaultConfigurationName = Release;
		};
		339A5FA625ED26EA00C6BA13 /* Build configuration list for PBXNativeTarget "RetailStorePractice" */ = {
			isa = XCConfigurationList;
			buildConfigurations = (
				339A5FA725ED26EA00C6BA13 /* Debug */,
				339A5FA825ED26EA00C6BA13 /* Release */,
			);
			defaultConfigurationIsVisible = 0;
			defaultConfigurationName = Release;
		};
/* End XCConfigurationList section */

/* Begin XCVersionGroup section */
		339A5F9B25ED26E800C6BA13 /* RetailStorePractice.xcdatamodeld */ = {
			isa = XCVersionGroup;
			children = (
				339A5F9C25ED26E800C6BA13 /* RetailStorePractice.xcdatamodel */,
			);
			currentVersion = 339A5F9C25ED26E800C6BA13 /* RetailStorePractice.xcdatamodel */;
			path = RetailStorePractice.xcdatamodeld;
			sourceTree = "<group>";
			versionGroupType = wrapper.xcdatamodel;
		};
/* End XCVersionGroup section */
	};
	rootObject = 339A5F8725ED26E700C6BA13 /* Project object */;
}
